# This file is automatically @generated by Poetry 1.6.1 and should not be changed by hand.

[[package]]
name = "core"
version = "0.2.0"
description = "Core syntax and semantic analysis library for PyWelkin"
optional = false
python-versions = ">=3.8,<3.12"
files = []
develop = true

[package.dependencies]
lark = "^1.1.7"

[package.source]
type = "directory"
url = "../core"

[[package]]
name = "lark"
version = "1.1.7"
description = "a modern parsing library"
optional = false
python-versions = ">=3.6"
files = [
    {file = "lark-1.1.7-py3-none-any.whl", hash = "sha256:9e5dc5bbf93fa1840083707285262514a0ef8a6613874af7ea1cec60468d6e92"},
    {file = "lark-1.1.7.tar.gz", hash = "sha256:be7437bf1f37ab08b355f29ff2571d77d777113d0a8c4352b0c513dced6c5a1e"},
]

[package.extras]
atomic-cache = ["atomicwrites"]
interegular = ["interegular (>=0.3.1,<0.4.0)"]
nearley = ["js2py"]
regex = ["regex"]

[[package]]
name = "pyside6-essentials"
version = "6.5.3"
description = "Python bindings for the Qt cross-platform application and UI framework (Essentials)"
optional = false
python-versions = "<3.12,>=3.7"
files = [
    {file = "PySide6_Essentials-6.5.3-cp37-abi3-macosx_11_0_universal2.whl", hash = "sha256:4d9c95ded938e557052fc67efe68d57108856df141a1b499497fd7999419e3eb"},
    {file = "PySide6_Essentials-6.5.3-cp37-abi3-manylinux_2_28_x86_64.whl", hash = "sha256:45580138be91f5fdcefb4d28dadb56d3640eb658575af97b49057e10c22a024d"},
    {file = "PySide6_Essentials-6.5.3-cp37-abi3-manylinux_2_31_aarch64.whl", hash = "sha256:8244bc185b0243ba7c4491033e592b247e44a63d69213e9a45ee38e87e0f1f90"},
    {file = "PySide6_Essentials-6.5.3-cp37-abi3-win_amd64.whl", hash = "sha256:f928b98ec349c87f9ccc63a482917779f59fa646893722c53c2fe2a1e4f335e0"},
]

[package.dependencies]
shiboken6 = "6.5.3"

[[package]]
name = "shiboken6"
version = "6.5.3"
description = "Python/C++ bindings helper module"
optional = false
python-versions = "<3.12,>=3.7"
files = [
    {file = "shiboken6-6.5.3-cp37-abi3-macosx_11_0_universal2.whl", hash = "sha256:faaca92dcbbf26c0ae13f189746c38482e40859e0897b0ed4dee5e04f69fda71"},
    {file = "shiboken6-6.5.3-cp37-abi3-manylinux_2_28_x86_64.whl", hash = "sha256:4cdda98df511243c40f1dd4d9eac25a7191c2583ac673147ecdae0ffa3b9223f"},
    {file = "shiboken6-6.5.3-cp37-abi3-manylinux_2_31_aarch64.whl", hash = "sha256:1bc928ca9f1c1d16ff8fe0585627738a15552bb3329c04fca2c74a443618a6b3"},
    {file = "shiboken6-6.5.3-cp37-abi3-win_amd64.whl", hash = "sha256:a013367e38a12b3f69ba02e79f133df4fba8d21b55a78c6999cdb31c25609524"},
]

[metadata]
lock-version = "2.0"
python-versions = ">=3.8,<3.12"
content-hash = "9bca84bfb634535bf56e1a3b1d767c2075c6602b4f9c8d4b8c118c1b22d67c8f"
