# This file is automatically @generated by Poetry 1.6.1 and should not be changed by hand.

[[package]]
name = "core"
version = "0.1.0"
description = ""
optional = false
python-versions = "^3.11"
files = []
develop = false

[package.source]
type = "directory"
url = "../core"

[metadata]
lock-version = "2.0"
python-versions = "^3.11"
content-hash = "e8d75fba236fbc52ebbc58473132205b498d228696980ee43593e11072b6549d"
