# This file is automatically @generated by Poetry 1.6.1 and should not be changed by hand.

[[package]]
name = "lark"
version = "1.1.7"
description = "a modern parsing library"
optional = false
python-versions = ">=3.6"
files = [
    {file = "lark-1.1.7-py3-none-any.whl", hash = "sha256:9e5dc5bbf93fa1840083707285262514a0ef8a6613874af7ea1cec60468d6e92"},
    {file = "lark-1.1.7.tar.gz", hash = "sha256:be7437bf1f37ab08b355f29ff2571d77d777113d0a8c4352b0c513dced6c5a1e"},
]

[package.extras]
atomic-cache = ["atomicwrites"]
interegular = ["interegular (>=0.3.1,<0.4.0)"]
nearley = ["js2py"]
regex = ["regex"]

[metadata]
lock-version = "2.0"
python-versions = ">=3.8,<3.12"
content-hash = "1dff6f6d670f2df666bddb7efbaaa1b358cc38888d3df604c1a803b9d31c3a28"
